
Microsoft Visual Studio Solution File, Format Version 12.00
# Visual Studio 15
VisualStudioVersion = 15.0.26228.4
MinimumVisualStudioVersion = 10.0.40219.1
Project("{FAE04EC0-301F-11D3-BF4B-00C04F79EFBC}") = "TCPIP", "TCPIP\TCPIP.csproj", "{7FC87960-57C3-4815-A02A-2AE11C427D5F}"
EndProject
Project("{FAE04EC0-301F-11D3-BF4B-00C04F79EFBC}") = "TCPServer", "TCPServer\TCPServer.csproj", "{EB0BF402-0777-44FF-B73F-EFF42E4A4D2A}"
EndProject
Global
	GlobalSection(SolutionConfigurationPlatforms) = preSolution
		Debug|Any CPU = Debug|Any CPU
		Release|Any CPU = Release|Any CPU
	EndGlobalSection
	GlobalSection(ProjectConfigurationPlatforms) = postSolution
		{7FC87960-57C3-4815-A02A-2AE11C427D5F}.Debug|Any CPU.ActiveCfg = Debug|Any CPU
		{7FC87960-57C3-4815-A02A-2AE11C427D5F}.Debug|Any CPU.Build.0 = Debug|Any CPU
		{7FC87960-57C3-4815-A02A-2AE11C427D5F}.Release|Any CPU.ActiveCfg = Release|Any CPU
		{7FC87960-57C3-4815-A02A-2AE11C427D5F}.Release|Any CPU.Build.0 = Release|Any CPU
		{EB0BF402-0777-44FF-B73F-EFF42E4A4D2A}.Debug|Any CPU.ActiveCfg = Debug|Any CPU
		{EB0BF402-0777-44FF-B73F-EFF42E4A4D2A}.Debug|Any CPU.Build.0 = Debug|Any CPU
		{EB0BF402-0777-44FF-B73F-EFF42E4A4D2A}.Release|Any CPU.ActiveCfg = Release|Any CPU
		{EB0BF402-0777-44FF-B73F-EFF42E4A4D2A}.Release|Any CPU.Build.0 = Release|Any CPU
	EndGlobalSection
	GlobalSection(SolutionProperties) = preSolution
		HideSolutionNode = FALSE
	EndGlobalSection
EndGlobal
